
Microsoft Visual Studio Solution File, Format Version 12.00
# Visual Studio 15
VisualStudioVersion = 15.0.28307.168
MinimumVisualStudioVersion = 10.0.40219.1
Project("{FAE04EC0-301F-11D3-BF4B-00C04F79EFBC}") = "LoanStandApp", "LoanStandApp\LoanStandApp.csproj", "{47211D53-C245-405A-885A-DE61502C3602}"
EndProject
Global
	GlobalSection(SolutionConfigurationPlatforms) = preSolution
		Debug|Any CPU = Debug|Any CPU
		Release|Any CPU = Release|Any CPU
	EndGlobalSection
	GlobalSection(ProjectConfigurationPlatforms) = postSolution
		{47211D53-C245-405A-885A-DE61502C3602}.Debug|Any CPU.ActiveCfg = Debug|Any CPU
		{47211D53-C245-405A-885A-DE61502C3602}.Debug|Any CPU.Build.0 = Debug|Any CPU
		{47211D53-C245-405A-885A-DE61502C3602}.Release|Any CPU.ActiveCfg = Release|Any CPU
		{47211D53-C245-405A-885A-DE61502C3602}.Release|Any CPU.Build.0 = Release|Any CPU
	EndGlobalSection
	GlobalSection(SolutionProperties) = preSolution
		HideSolutionNode = FALSE
	EndGlobalSection
	GlobalSection(ExtensibilityGlobals) = postSolution
		SolutionGuid = {98705088-A106-4C83-A2E1-1969F97981CF}
	EndGlobalSection
EndGlobal
