
Microsoft Visual Studio Solution File, Format Version 12.00
# Visual Studio 15
VisualStudioVersion = 15.0.28307.168
MinimumVisualStudioVersion = 10.0.40219.1
Project("{FAE04EC0-301F-11D3-BF4B-00C04F79EFBC}") = "AdminPanel", "AdminPanel\AdminPanel.csproj", "{4524A1ED-C9A2-4C87-80DA-25C21B1F1B80}"
EndProject
Global
	GlobalSection(SolutionConfigurationPlatforms) = preSolution
		Debug|Any CPU = Debug|Any CPU
		Release|Any CPU = Release|Any CPU
	EndGlobalSection
	GlobalSection(ProjectConfigurationPlatforms) = postSolution
		{4524A1ED-C9A2-4C87-80DA-25C21B1F1B80}.Debug|Any CPU.ActiveCfg = Debug|Any CPU
		{4524A1ED-C9A2-4C87-80DA-25C21B1F1B80}.Debug|Any CPU.Build.0 = Debug|Any CPU
		{4524A1ED-C9A2-4C87-80DA-25C21B1F1B80}.Release|Any CPU.ActiveCfg = Release|Any CPU
		{4524A1ED-C9A2-4C87-80DA-25C21B1F1B80}.Release|Any CPU.Build.0 = Release|Any CPU
	EndGlobalSection
	GlobalSection(SolutionProperties) = preSolution
		HideSolutionNode = FALSE
	EndGlobalSection
	GlobalSection(ExtensibilityGlobals) = postSolution
		SolutionGuid = {707B3ABD-6326-4FF1-9F0C-15AABA613873}
	EndGlobalSection
EndGlobal
